{
  "name": "ytremote",
  "version": "1.0.0",
  "lockfileVersion": 1,
  "requires": true,
  "dependencies": {
    "@types/engine.io": {
      "version": "3.1.4",
      "resolved": "https://registry.npmjs.org/@types/engine.io/-/engine.io-3.1.4.tgz",
      "integrity": "sha512-98rXVukLD6/ozrQ2O80NAlWDGA4INg+tqsEReWJldqyi2fulC9V7Use/n28SWgROXKm6003ycWV4gZHoF8GA6w==",
      "dev": true,
      "requires": {
        "@types/node": "*"
      }
    },
    "@types/node": {
      "version": "14.14.10",
      "resolved": "https://registry.npmjs.org/@types/node/-/node-14.14.10.tgz",
      "integrity": "sha512-J32dgx2hw8vXrSbu4ZlVhn1Nm3GbeCFNw2FWL8S5QKucHGY0cyNwjdQdO+KMBZ4wpmC7KhLCiNsdk1RFRIYUQQ==",
      "dev": true
    },
    "@types/socket.io": {
      "version": "2.1.11",
      "resolved": "https://registry.npmjs.org/@types/socket.io/-/socket.io-2.1.11.tgz",
      "integrity": "sha512-bVprmqPhJMLb9ZCm8g0Xy8kwBFRbnanOWSxzWkDkkIwxTvud5tKMfAJymXX6LQbizUKCS1yima7JM4BeLqjNqA==",
      "dev": true,
      "requires": {
        "@types/engine.io": "*",
        "@types/node": "*"
      }
    }
  }
}
